<?xml version="1.0" encoding="utf-8"?>
<Project ToolsVersion="4.0" xmlns="http://schemas.microsoft.com/developer/msbuild/2003">
  <ItemGroup>
    <Filter Include="Source">
      <UniqueIdentifier>{648f7254-df90-420f-9358-e792bc34fc57}</UniqueIdentifier>
    </Filter>
    <Filter Include="Header">
      <UniqueIdentifier>{92d1f997-e064-42f1-baef-121c90d1de2f}</UniqueIdentifier>
    </Filter>
    <Filter Include="AGAST">
      <UniqueIdentifier>{4231fff1-d64f-4d04-b254-ba2ea6d9e6f3}</UniqueIdentifier>
    </Filter>
    <Filter Include="BRISK">
      <UniqueIdentifier>{0f1998b5-1ec3-4021-8ed8-172b8ab8124e}</UniqueIdentifier>
    </Filter>
<<<<<<< .mine
    <Filter Include="WONJO">
      <UniqueIdentifier>{d7c5f8f6-60c9-417c-a894-958b8e2cd73a}</UniqueIdentifier>
    </Filter>
=======
    <Filter Include="wonjo">
      <UniqueIdentifier>{3898424e-61a5-4081-852e-eb71917b10d5}</UniqueIdentifier>
    </Filter>
>>>>>>> .r52
  </ItemGroup>
  <ItemGroup>
    <ClInclude Include="..\agast\agast5_8.h">
      <Filter>AGAST</Filter>
    </ClInclude>
    <ClInclude Include="..\agast\agast7_12d.h">
      <Filter>AGAST</Filter>
    </ClInclude>
    <ClInclude Include="..\agast\agast7_12s.h">
      <Filter>AGAST</Filter>
    </ClInclude>
    <ClInclude Include="..\agast\AstDetector.h">
      <Filter>AGAST</Filter>
    </ClInclude>
    <ClInclude Include="..\agast\cvWrapper.h">
      <Filter>AGAST</Filter>
    </ClInclude>
    <ClInclude Include="..\agast\oast9_16.h">
      <Filter>AGAST</Filter>
    </ClInclude>
    <ClInclude Include="..\brisk\brisk.h">
      <Filter>BRISK</Filter>
    </ClInclude>
    <ClInclude Include="..\calibration\Camera.h">
      <Filter>Header</Filter>
    </ClInclude>
    <ClInclude Include="..\dll_header.h">
      <Filter>Header</Filter>
    </ClInclude>
    <ClInclude Include="..\KatoPoseEstimation\KatoPoseEstimator.h">
      <Filter>Header</Filter>
    </ClInclude>
    <ClInclude Include="..\KatoPoseEstimation\poseestimator.h">
      <Filter>Header</Filter>
    </ClInclude>
    <ClInclude Include="..\SungwookAR.hpp">
      <Filter>Header</Filter>
    </ClInclude>
    <ClInclude Include="..\SungwookFeature.hpp">
      <Filter>Header</Filter>
    </ClInclude>
    <ClInclude Include="..\SungwookUtility.hpp">
      <Filter>Header</Filter>
    </ClInclude>
    <ClInclude Include="..\Results.h">
      <Filter>Header</Filter>
    </ClInclude>
    <ClInclude Include="..\stdafx.h" />
    <ClInclude Include="..\targetver.h" />
    <ClInclude Include="..\wonjo.h">
<<<<<<< .mine
      <Filter>WONJO</Filter>
=======
      <Filter>wonjo</Filter>
>>>>>>> .r52
    </ClInclude>
  </ItemGroup>
  <ItemGroup>
    <ClCompile Include="..\agast\agast5_8.cc">
      <Filter>AGAST</Filter>
    </ClCompile>
    <ClCompile Include="..\agast\agast5_8_nms.cc">
      <Filter>AGAST</Filter>
    </ClCompile>
    <ClCompile Include="..\agast\agast7_12d.cc">
      <Filter>AGAST</Filter>
    </ClCompile>
    <ClCompile Include="..\agast\agast7_12d_nms.cc">
      <Filter>AGAST</Filter>
    </ClCompile>
    <ClCompile Include="..\agast\agast7_12s.cc">
      <Filter>AGAST</Filter>
    </ClCompile>
    <ClCompile Include="..\agast\agast7_12s_nms.cc">
      <Filter>AGAST</Filter>
    </ClCompile>
    <ClCompile Include="..\agast\AstDetector.cc">
      <Filter>AGAST</Filter>
    </ClCompile>
    <ClCompile Include="..\agast\nonMaximumSuppression.cc">
      <Filter>AGAST</Filter>
    </ClCompile>
    <ClCompile Include="..\agast\oast9_16.cc">
      <Filter>AGAST</Filter>
    </ClCompile>
    <ClCompile Include="..\agast\oast9_16_nms.cc">
      <Filter>AGAST</Filter>
    </ClCompile>
    <ClCompile Include="..\brisk\brisk.cpp">
      <Filter>BRISK</Filter>
    </ClCompile>
    <ClCompile Include="..\stdafx.cpp" />
    <ClCompile Include="..\calibration\Camera.cpp">
      <Filter>Source</Filter>
    </ClCompile>
    <ClCompile Include="..\KatoPoseEstimation\KatoPoseEstimator.cpp">
      <Filter>Source</Filter>
    </ClCompile>
    <ClCompile Include="..\KatoPoseEstimation\KatoPoseEstimatorUtils.cpp">
      <Filter>Source</Filter>
    </ClCompile>
    <ClCompile Include="..\KatoPoseEstimation\PoseEstimator.cpp">
      <Filter>Source</Filter>
    </ClCompile>
    <ClCompile Include="..\EngineMain.cpp">
      <Filter>Source</Filter>
    </ClCompile>
    <ClCompile Include="..\SungwookFeature.cpp">
      <Filter>Source</Filter>
    </ClCompile>
    <ClCompile Include="..\SungwookUtility.cpp">
      <Filter>Source</Filter>
    </ClCompile>
    <ClCompile Include="..\wonjo.cpp">
<<<<<<< .mine
      <Filter>WONJO</Filter>
=======
      <Filter>wonjo</Filter>
>>>>>>> .r52
    </ClCompile>
<<<<<<< .mine
    <ClCompile Include="..\d3d.cpp">
      <Filter>WONJO</Filter>
    </ClCompile>
    <ClCompile Include="..\cam.cpp">
      <Filter>WONJO</Filter>
    </ClCompile>
=======
    <ClCompile Include="..\d3d.cpp">
      <Filter>wonjo</Filter>
    </ClCompile>
    <ClCompile Include="..\cam.cpp">
      <Filter>wonjo</Filter>
    </ClCompile>
>>>>>>> .r52
  </ItemGroup>
</Project>